
Microsoft Visual Studio Solution File, Format Version 12.00
# Visual Studio Version 16
VisualStudioVersion = 16.0.32002.261
MinimumVisualStudioVersion = 10.0.40219.1
Project("{FAE04EC0-301F-11D3-BF4B-00C04F79EFBC}") = "Mission6", "Mission6.csproj", "{EF2E0DFE-6C03-41D8-A1B4-F72F6FAEFC0F}"
EndProject
Global
	GlobalSection(SolutionConfigurationPlatforms) = preSolution
		Debug|Any CPU = Debug|Any CPU
		Release|Any CPU = Release|Any CPU
	EndGlobalSection
	GlobalSection(ProjectConfigurationPlatforms) = postSolution
		{EF2E0DFE-6C03-41D8-A1B4-F72F6FAEFC0F}.Debug|Any CPU.ActiveCfg = Debug|Any CPU
		{EF2E0DFE-6C03-41D8-A1B4-F72F6FAEFC0F}.Debug|Any CPU.Build.0 = Debug|Any CPU
		{EF2E0DFE-6C03-41D8-A1B4-F72F6FAEFC0F}.Release|Any CPU.ActiveCfg = Release|Any CPU
		{EF2E0DFE-6C03-41D8-A1B4-F72F6FAEFC0F}.Release|Any CPU.Build.0 = Release|Any CPU
	EndGlobalSection
	GlobalSection(SolutionProperties) = preSolution
		HideSolutionNode = FALSE
	EndGlobalSection
	GlobalSection(ExtensibilityGlobals) = postSolution
		SolutionGuid = {145B1829-C9E5-403F-97E3-8C26B827559B}
	EndGlobalSection
EndGlobal
